
Microsoft Visual Studio Solution File, Format Version 12.00
# Visual Studio Version 16
VisualStudioVersion = 16.0.28315.86
MinimumVisualStudioVersion = 10.0.40219.1
Project("{2150E333-8FDC-42A3-9474-1A3956D46DE8}") = "Engine", "Engine", "{94A6C6F3-99B3-346E-9557-ABF9D4064DBD}"
EndProject
Project("{2150E333-8FDC-42A3-9474-1A3956D46DE8}") = "Games", "Games", "{8E2F6A87-1826-34F4-940C-CC23A48F9FE4}"
EndProject
Project("{8BC9CEB8-8B4A-11D0-8D11-00A0C91BC942}") = "UE4", "Intermediate\ProjectFiles\UE4.vcxproj", "{B830074F-D0DF-43E6-88AA-5ABD985E1159}"
EndProject
Project("{8BC9CEB8-8B4A-11D0-8D11-00A0C91BC942}") = "Prototype1", "Intermediate\ProjectFiles\Prototype1.vcxproj", "{DC92230A-707A-41D2-88AE-7B82153E799E}"
EndProject
Project("{2150E333-8FDC-42A3-9474-1A3956D46DE8}") = "Visualizers", "Visualizers", "{1CCEC849-CC72-4C59-8C36-2F7C38706D4C}"
	ProjectSection(SolutionItems) = preProject
		..\..\..\..\..\..\..\Program Files\Epic Games\UE_4.27\Engine\Extras\VisualStudioDebugging\UE4.natvis = ..\..\..\..\..\..\..\Program Files\Epic Games\UE_4.27\Engine\Extras\VisualStudioDebugging\UE4.natvis
	EndProjectSection
EndProject
Global
	GlobalSection(SolutionConfigurationPlatforms) = preSolution
		DebugGame Client|Win32 = DebugGame Client|Win32
		DebugGame Client|Win64 = DebugGame Client|Win64
		DebugGame Editor|Win32 = DebugGame Editor|Win32
		DebugGame Editor|Win64 = DebugGame Editor|Win64
		DebugGame Server|Win32 = DebugGame Server|Win32
		DebugGame Server|Win64 = DebugGame Server|Win64
		DebugGame|Win32 = DebugGame|Win32
		DebugGame|Win64 = DebugGame|Win64
		Development Client|Win32 = Development Client|Win32
		Development Client|Win64 = Development Client|Win64
		Development Editor|Win32 = Development Editor|Win32
		Development Editor|Win64 = Development Editor|Win64
		Development Server|Win32 = Development Server|Win32
		Development Server|Win64 = Development Server|Win64
		Development|Win32 = Development|Win32
		Development|Win64 = Development|Win64
		Shipping Client|Win32 = Shipping Client|Win32
		Shipping Client|Win64 = Shipping Client|Win64
		Shipping Server|Win32 = Shipping Server|Win32
		Shipping Server|Win64 = Shipping Server|Win64
		Shipping|Win32 = Shipping|Win32
		Shipping|Win64 = Shipping|Win64
	EndGlobalSection
	# Visual Assist Section
	GlobalSection(44630d46-96b5-488c-8df926e21db8c1a3) = preSolution
		ueSolution=true
	EndGlobalSection
	GlobalSection(ProjectConfigurationPlatforms) = postSolution
		{B830074F-D0DF-43E6-88AA-5ABD985E1159}.DebugGame Client|Win32.ActiveCfg = BuiltWithUnrealBuildTool|Win32
		{B830074F-D0DF-43E6-88AA-5ABD985E1159}.DebugGame Client|Win64.ActiveCfg = BuiltWithUnrealBuildTool|Win32
		{B830074F-D0DF-43E6-88AA-5ABD985E1159}.DebugGame Editor|Win32.ActiveCfg = BuiltWithUnrealBuildTool|Win32
		{B830074F-D0DF-43E6-88AA-5ABD985E1159}.DebugGame Editor|Win64.ActiveCfg = BuiltWithUnrealBuildTool|Win32
		{B830074F-D0DF-43E6-88AA-5ABD985E1159}.DebugGame Server|Win32.ActiveCfg = BuiltWithUnrealBuildTool|Win32
		{B830074F-D0DF-43E6-88AA-5ABD985E1159}.DebugGame Server|Win64.ActiveCfg = BuiltWithUnrealBuildTool|Win32
		{B830074F-D0DF-43E6-88AA-5ABD985E1159}.DebugGame|Win32.ActiveCfg = BuiltWithUnrealBuildTool|Win32
		{B830074F-D0DF-43E6-88AA-5ABD985E1159}.DebugGame|Win64.ActiveCfg = BuiltWithUnrealBuildTool|Win32
		{B830074F-D0DF-43E6-88AA-5ABD985E1159}.Development Client|Win32.ActiveCfg = BuiltWithUnrealBuildTool|Win32
		{B830074F-D0DF-43E6-88AA-5ABD985E1159}.Development Client|Win64.ActiveCfg = BuiltWithUnrealBuildTool|Win32
		{B830074F-D0DF-43E6-88AA-5ABD985E1159}.Development Editor|Win32.ActiveCfg = BuiltWithUnrealBuildTool|Win32
		{B830074F-D0DF-43E6-88AA-5ABD985E1159}.Development Editor|Win64.ActiveCfg = BuiltWithUnrealBuildTool|Win32
		{B830074F-D0DF-43E6-88AA-5ABD985E1159}.Development Server|Win32.ActiveCfg = BuiltWithUnrealBuildTool|Win32
		{B830074F-D0DF-43E6-88AA-5ABD985E1159}.Development Server|Win64.ActiveCfg = BuiltWithUnrealBuildTool|Win32
		{B830074F-D0DF-43E6-88AA-5ABD985E1159}.Development|Win32.ActiveCfg = BuiltWithUnrealBuildTool|Win32
		{B830074F-D0DF-43E6-88AA-5ABD985E1159}.Development|Win64.ActiveCfg = BuiltWithUnrealBuildTool|Win32
		{B830074F-D0DF-43E6-88AA-5ABD985E1159}.Shipping Client|Win32.ActiveCfg = BuiltWithUnrealBuildTool|Win32
		{B830074F-D0DF-43E6-88AA-5ABD985E1159}.Shipping Client|Win64.ActiveCfg = BuiltWithUnrealBuildTool|Win32
		{B830074F-D0DF-43E6-88AA-5ABD985E1159}.Shipping Server|Win32.ActiveCfg = BuiltWithUnrealBuildTool|Win32
		{B830074F-D0DF-43E6-88AA-5ABD985E1159}.Shipping Server|Win64.ActiveCfg = BuiltWithUnrealBuildTool|Win32
		{B830074F-D0DF-43E6-88AA-5ABD985E1159}.Shipping|Win32.ActiveCfg = BuiltWithUnrealBuildTool|Win32
		{B830074F-D0DF-43E6-88AA-5ABD985E1159}.Shipping|Win64.ActiveCfg = BuiltWithUnrealBuildTool|Win32
		{DC92230A-707A-41D2-88AE-7B82153E799E}.DebugGame Client|Win32.ActiveCfg = DebugGame_Client|Win32
		{DC92230A-707A-41D2-88AE-7B82153E799E}.DebugGame Client|Win32.Build.0 = DebugGame_Client|Win32
		{DC92230A-707A-41D2-88AE-7B82153E799E}.DebugGame Client|Win64.ActiveCfg = DebugGame_Client|x64
		{DC92230A-707A-41D2-88AE-7B82153E799E}.DebugGame Client|Win64.Build.0 = DebugGame_Client|x64
		{DC92230A-707A-41D2-88AE-7B82153E799E}.DebugGame Editor|Win32.ActiveCfg = Invalid|Win32
		{DC92230A-707A-41D2-88AE-7B82153E799E}.DebugGame Editor|Win64.ActiveCfg = DebugGame_Editor|x64
		{DC92230A-707A-41D2-88AE-7B82153E799E}.DebugGame Editor|Win64.Build.0 = DebugGame_Editor|x64
		{DC92230A-707A-41D2-88AE-7B82153E799E}.DebugGame Server|Win32.ActiveCfg = DebugGame_Server|Win32
		{DC92230A-707A-41D2-88AE-7B82153E799E}.DebugGame Server|Win32.Build.0 = DebugGame_Server|Win32
		{DC92230A-707A-41D2-88AE-7B82153E799E}.DebugGame Server|Win64.ActiveCfg = DebugGame_Server|x64
		{DC92230A-707A-41D2-88AE-7B82153E799E}.DebugGame Server|Win64.Build.0 = DebugGame_Server|x64
		{DC92230A-707A-41D2-88AE-7B82153E799E}.DebugGame|Win32.ActiveCfg = DebugGame|Win32
		{DC92230A-707A-41D2-88AE-7B82153E799E}.DebugGame|Win32.Build.0 = DebugGame|Win32
		{DC92230A-707A-41D2-88AE-7B82153E799E}.DebugGame|Win64.ActiveCfg = DebugGame|x64
		{DC92230A-707A-41D2-88AE-7B82153E799E}.DebugGame|Win64.Build.0 = DebugGame|x64
		{DC92230A-707A-41D2-88AE-7B82153E799E}.Development Client|Win32.ActiveCfg = Development_Client|Win32
		{DC92230A-707A-41D2-88AE-7B82153E799E}.Development Client|Win32.Build.0 = Development_Client|Win32
		{DC92230A-707A-41D2-88AE-7B82153E799E}.Development Client|Win64.ActiveCfg = Development_Client|x64
		{DC92230A-707A-41D2-88AE-7B82153E799E}.Development Client|Win64.Build.0 = Development_Client|x64
		{DC92230A-707A-41D2-88AE-7B82153E799E}.Development Editor|Win32.ActiveCfg = Invalid|Win32
		{DC92230A-707A-41D2-88AE-7B82153E799E}.Development Editor|Win64.ActiveCfg = Development_Editor|x64
		{DC92230A-707A-41D2-88AE-7B82153E799E}.Development Editor|Win64.Build.0 = Development_Editor|x64
		{DC92230A-707A-41D2-88AE-7B82153E799E}.Development Server|Win32.ActiveCfg = Development_Server|Win32
		{DC92230A-707A-41D2-88AE-7B82153E799E}.Development Server|Win32.Build.0 = Development_Server|Win32
		{DC92230A-707A-41D2-88AE-7B82153E799E}.Development Server|Win64.ActiveCfg = Development_Server|x64
		{DC92230A-707A-41D2-88AE-7B82153E799E}.Development Server|Win64.Build.0 = Development_Server|x64
		{DC92230A-707A-41D2-88AE-7B82153E799E}.Development|Win32.ActiveCfg = Development|Win32
		{DC92230A-707A-41D2-88AE-7B82153E799E}.Development|Win32.Build.0 = Development|Win32
		{DC92230A-707A-41D2-88AE-7B82153E799E}.Development|Win64.ActiveCfg = Development|x64
		{DC92230A-707A-41D2-88AE-7B82153E799E}.Development|Win64.Build.0 = Development|x64
		{DC92230A-707A-41D2-88AE-7B82153E799E}.Shipping Client|Win32.ActiveCfg = Shipping_Client|Win32
		{DC92230A-707A-41D2-88AE-7B82153E799E}.Shipping Client|Win32.Build.0 = Shipping_Client|Win32
		{DC92230A-707A-41D2-88AE-7B82153E799E}.Shipping Client|Win64.ActiveCfg = Shipping_Client|x64
		{DC92230A-707A-41D2-88AE-7B82153E799E}.Shipping Client|Win64.Build.0 = Shipping_Client|x64
		{DC92230A-707A-41D2-88AE-7B82153E799E}.Shipping Server|Win32.ActiveCfg = Shipping_Server|Win32
		{DC92230A-707A-41D2-88AE-7B82153E799E}.Shipping Server|Win32.Build.0 = Shipping_Server|Win32
		{DC92230A-707A-41D2-88AE-7B82153E799E}.Shipping Server|Win64.ActiveCfg = Shipping_Server|x64
		{DC92230A-707A-41D2-88AE-7B82153E799E}.Shipping Server|Win64.Build.0 = Shipping_Server|x64
		{DC92230A-707A-41D2-88AE-7B82153E799E}.Shipping|Win32.ActiveCfg = Shipping|Win32
		{DC92230A-707A-41D2-88AE-7B82153E799E}.Shipping|Win32.Build.0 = Shipping|Win32
		{DC92230A-707A-41D2-88AE-7B82153E799E}.Shipping|Win64.ActiveCfg = Shipping|x64
		{DC92230A-707A-41D2-88AE-7B82153E799E}.Shipping|Win64.Build.0 = Shipping|x64
	EndGlobalSection
	GlobalSection(SolutionProperties) = preSolution
		HideSolutionNode = FALSE
	EndGlobalSection
	GlobalSection(NestedProjects) = preSolution
		{B830074F-D0DF-43E6-88AA-5ABD985E1159} = {94A6C6F3-99B3-346E-9557-ABF9D4064DBD}
		{DC92230A-707A-41D2-88AE-7B82153E799E} = {8E2F6A87-1826-34F4-940C-CC23A48F9FE4}
	EndGlobalSection
EndGlobal
